
Microsoft Visual Studio Solution File, Format Version 12.00
# Visual Studio 15
VisualStudioVersion = 15.0.27703.2035
MinimumVisualStudioVersion = 10.0.40219.1
Project("{FAE04EC0-301F-11D3-BF4B-00C04F79EFBC}") = "Pizza Store.Console", "Pizza Store.Console\Pizza Store.Console.csproj", "{26AB3DE3-0199-4B28-878E-845575B574BE}"
EndProject
Project("{FAE04EC0-301F-11D3-BF4B-00C04F79EFBC}") = "Pizza Store.Testing", "Pizza Store.Testing\Pizza Store.Testing.csproj", "{DE88654E-48DC-4514-B36C-613259312C57}"
EndProject
Project("{FAE04EC0-301F-11D3-BF4B-00C04F79EFBC}") = "Pizza Store.LIbrary", "Pizza Store.LIbrary\Pizza Store.LIbrary.csproj", "{F1237829-0CF3-4060-9E84-C6B8C92D4BDB}"
EndProject
Global
	GlobalSection(SolutionConfigurationPlatforms) = preSolution
		Debug|Any CPU = Debug|Any CPU
		Release|Any CPU = Release|Any CPU
	EndGlobalSection
	GlobalSection(ProjectConfigurationPlatforms) = postSolution
		{26AB3DE3-0199-4B28-878E-845575B574BE}.Debug|Any CPU.ActiveCfg = Debug|Any CPU
		{26AB3DE3-0199-4B28-878E-845575B574BE}.Debug|Any CPU.Build.0 = Debug|Any CPU
		{26AB3DE3-0199-4B28-878E-845575B574BE}.Release|Any CPU.ActiveCfg = Release|Any CPU
		{26AB3DE3-0199-4B28-878E-845575B574BE}.Release|Any CPU.Build.0 = Release|Any CPU
		{DE88654E-48DC-4514-B36C-613259312C57}.Debug|Any CPU.ActiveCfg = Debug|Any CPU
		{DE88654E-48DC-4514-B36C-613259312C57}.Debug|Any CPU.Build.0 = Debug|Any CPU
		{DE88654E-48DC-4514-B36C-613259312C57}.Release|Any CPU.ActiveCfg = Release|Any CPU
		{DE88654E-48DC-4514-B36C-613259312C57}.Release|Any CPU.Build.0 = Release|Any CPU
		{F1237829-0CF3-4060-9E84-C6B8C92D4BDB}.Debug|Any CPU.ActiveCfg = Debug|Any CPU
		{F1237829-0CF3-4060-9E84-C6B8C92D4BDB}.Debug|Any CPU.Build.0 = Debug|Any CPU
		{F1237829-0CF3-4060-9E84-C6B8C92D4BDB}.Release|Any CPU.ActiveCfg = Release|Any CPU
		{F1237829-0CF3-4060-9E84-C6B8C92D4BDB}.Release|Any CPU.Build.0 = Release|Any CPU
	EndGlobalSection
	GlobalSection(SolutionProperties) = preSolution
		HideSolutionNode = FALSE
	EndGlobalSection
	GlobalSection(ExtensibilityGlobals) = postSolution
		SolutionGuid = {601F7A39-2133-4284-B193-D8AF5C6510AA}
	EndGlobalSection
EndGlobal
